# THIS IS AN AUTOGENERATED FILE. DO NOT EDIT THIS FILE DIRECTLY.
# yarn lockfile v1


react-tiny-fab@^4.0.0:
  version "4.0.0"
  resolved "https://registry.yarnpkg.com/react-tiny-fab/-/react-tiny-fab-4.0.0.tgz#b8035846bff35ffed6ea0c16adc8ef07fe0b55e4"
  integrity sha512-JO8UaiiuWlbRb1+XnbzfSXLuqmpIe8iOSpo9YO8HJrG980bAKkL92CwA4XPy4oikB9iZp0RQ4a2Srm+Ay17cXQ==
